# This file is automatically @generated by Poetry 1.5.5 and should not be changed by hand.

[[package]]
name = "telegram"
version = "0.0.1"
description = "Telegram APIs"
optional = false
python-versions = "*"
files = [
    {file = "telegram-0.0.1.tar.gz", hash = "sha256:d405a0af4c868a8dbeae6d03e297e21c7ee6269e11e2ed3810e15544aba02591"},
]

[metadata]
lock-version = "2.0"
python-versions = ">=3.10.0,<3.12"
content-hash = "06cdf30d7b45c5f72e7b755782098dcfa92497e644b34dc15efbe3a2a79b0c22"
